
Microsoft Visual Studio Solution File, Format Version 12.00
# Visual Studio 15
VisualStudioVersion = 15.0.28307.1340
MinimumVisualStudioVersion = 10.0.40219.1
Project("{FAE04EC0-301F-11D3-BF4B-00C04F79EFBC}") = "PersonalSiteMVC2.UI", "PersonalSiteMVC2.UI\PersonalSiteMVC2.UI.csproj", "{EA455FAA-1F8D-4032-87CA-C34749EF793E}"
EndProject
Global
	GlobalSection(SolutionConfigurationPlatforms) = preSolution
		Debug|Any CPU = Debug|Any CPU
		Release|Any CPU = Release|Any CPU
	EndGlobalSection
	GlobalSection(ProjectConfigurationPlatforms) = postSolution
		{EA455FAA-1F8D-4032-87CA-C34749EF793E}.Debug|Any CPU.ActiveCfg = Debug|Any CPU
		{EA455FAA-1F8D-4032-87CA-C34749EF793E}.Debug|Any CPU.Build.0 = Debug|Any CPU
		{EA455FAA-1F8D-4032-87CA-C34749EF793E}.Release|Any CPU.ActiveCfg = Release|Any CPU
		{EA455FAA-1F8D-4032-87CA-C34749EF793E}.Release|Any CPU.Build.0 = Release|Any CPU
	EndGlobalSection
	GlobalSection(SolutionProperties) = preSolution
		HideSolutionNode = FALSE
	EndGlobalSection
	GlobalSection(ExtensibilityGlobals) = postSolution
		SolutionGuid = {6EBA9B3A-7269-4385-8B19-D459515A769E}
	EndGlobalSection
EndGlobal
